// !$*UTF8*$!
{
	archiveVersion = 1;
	classes = {
	};
	objectVersion = 46;
	objects = {

/* Begin PBXBuildFile section */
		01C6C9861DE59A6B004B8798 /* AppDelegate.swift in Sources */ = {isa = PBXBuildFile; fileRef = 01C6C9851DE59A6B004B8798 /* AppDelegate.swift */; };
		01C6C98B1DE59A6B004B8798 /* Main.storyboard in Resources */ = {isa = PBXBuildFile; fileRef = 01C6C9891DE59A6B004B8798 /* Main.storyboard */; };
		01C6C98D1DE59A6B004B8798 /* Assets.xcassets in Resources */ = {isa = PBXBuildFile; fileRef = 01C6C98C1DE59A6B004B8798 /* Assets.xcassets */; };
		01C6C9901DE59A6B004B8798 /* LaunchScreen.storyboard in Resources */ = {isa = PBXBuildFile; fileRef = 01C6C98E1DE59A6B004B8798 /* LaunchScreen.storyboard */; };
		01C6C9991DE59A9D004B8798 /* HotelsTableViewController.swift in Sources */ = {isa = PBXBuildFile; fileRef = 01C6C9981DE59A9D004B8798 /* HotelsTableViewController.swift */; };
		01C6C99C1DE59C0B004B8798 /* Hotel.swift in Sources */ = {isa = PBXBuildFile; fileRef = 01C6C99B1DE59C0B004B8798 /* Hotel.swift */; };
		01C6C99E1DE59DE8004B8798 /* JsonHotelParser.swift in Sources */ = {isa = PBXBuildFile; fileRef = 01C6C99D1DE59DE8004B8798 /* JsonHotelParser.swift */; };
		01C6C9A11DE59E30004B8798 /* hotels.json in Resources */ = {isa = PBXBuildFile; fileRef = 01C6C9A01DE59E30004B8798 /* hotels.json */; };
		01C6C9A41DE5D7B3004B8798 /* HotelTableViewCell.swift in Sources */ = {isa = PBXBuildFile; fileRef = 01C6C9A31DE5D7B3004B8798 /* HotelTableViewCell.swift */; };
/* End PBXBuildFile section */

/* Begin PBXFileReference section */
		01C6C9821DE59A6B004B8798 /* HotelLister.app */ = {isa = PBXFileReference; explicitFileType = wrapper.application; includeInIndex = 0; path = HotelLister.app; sourceTree = BUILT_PRODUCTS_DIR; };
		01C6C9851DE59A6B004B8798 /* AppDelegate.swift */ = {isa = PBXFileReference; lastKnownFileType = sourcecode.swift; path = AppDelegate.swift; sourceTree = "<group>"; };
		01C6C98A1DE59A6B004B8798 /* Base */ = {isa = PBXFileReference; lastKnownFileType = file.storyboard; name = Base; path = Base.lproj/Main.storyboard; sourceTree = "<group>"; };
		01C6C98C1DE59A6B004B8798 /* Assets.xcassets */ = {isa = PBXFileReference; lastKnownFileType = folder.assetcatalog; path = Assets.xcassets; sourceTree = "<group>"; };
		01C6C98F1DE59A6B004B8798 /* Base */ = {isa = PBXFileReference; lastKnownFileType = file.storyboard; name = Base; path = Base.lproj/LaunchScreen.storyboard; sourceTree = "<group>"; };
		01C6C9911DE59A6B004B8798 /* Info.plist */ = {isa = PBXFileReference; lastKnownFileType = text.plist.xml; path = Info.plist; sourceTree = "<group>"; };
		01C6C9981DE59A9D004B8798 /* HotelsTableViewController.swift */ = {isa = PBXFileReference; fileEncoding = 4; lastKnownFileType = sourcecode.swift; path = HotelsTableViewController.swift; sourceTree = "<group>"; };
		01C6C99B1DE59C0B004B8798 /* Hotel.swift */ = {isa = PBXFileReference; fileEncoding = 4; lastKnownFileType = sourcecode.swift; path = Hotel.swift; sourceTree = "<group>"; };
		01C6C99D1DE59DE8004B8798 /* JsonHotelParser.swift */ = {isa = PBXFileReference; fileEncoding = 4; lastKnownFileType = sourcecode.swift; path = JsonHotelParser.swift; sourceTree = "<group>"; };
		01C6C9A01DE59E30004B8798 /* hotels.json */ = {isa = PBXFileReference; fileEncoding = 4; lastKnownFileType = text.json; path = hotels.json; sourceTree = "<group>"; };
		01C6C9A31DE5D7B3004B8798 /* HotelTableViewCell.swift */ = {isa = PBXFileReference; fileEncoding = 4; lastKnownFileType = sourcecode.swift; path = HotelTableViewCell.swift; sourceTree = "<group>"; };
/* End PBXFileReference section */

/* Begin PBXFrameworksBuildPhase section */
		01C6C97F1DE59A6B004B8798 /* Frameworks */ = {
			isa = PBXFrameworksBuildPhase;
			buildActionMask = 2147483647;
			files = (
			);
			runOnlyForDeploymentPostprocessing = 0;
		};
/* End PBXFrameworksBuildPhase section */

/* Begin PBXGroup section */
		01C6C9791DE59A6B004B8798 = {
			isa = PBXGroup;
			children = (
				01C6C9841DE59A6B004B8798 /* HotelLister */,
				01C6C9831DE59A6B004B8798 /* Products */,
			);
			sourceTree = "<group>";
		};
		01C6C9831DE59A6B004B8798 /* Products */ = {
			isa = PBXGroup;
			children = (
				01C6C9821DE59A6B004B8798 /* HotelLister.app */,
			);
			name = Products;
			sourceTree = "<group>";
		};
		01C6C9841DE59A6B004B8798 /* HotelLister */ = {
			isa = PBXGroup;
			children = (
				01C6C9A21DE59E3B004B8798 /* View */,
				01C6C99A1DE59C00004B8798 /* Model */,
				01C6C9971DE59A88004B8798 /* Controller */,
				01C6C99F1DE59E14004B8798 /* Support Files */,
				01C6C9851DE59A6B004B8798 /* AppDelegate.swift */,
				01C6C9891DE59A6B004B8798 /* Main.storyboard */,
				01C6C98C1DE59A6B004B8798 /* Assets.xcassets */,
				01C6C98E1DE59A6B004B8798 /* LaunchScreen.storyboard */,
			);
			path = HotelLister;
			sourceTree = "<group>";
		};
		01C6C9971DE59A88004B8798 /* Controller */ = {
			isa = PBXGroup;
			children = (
				01C6C9981DE59A9D004B8798 /* HotelsTableViewController.swift */,
			);
			name = Controller;
			sourceTree = "<group>";
		};
		01C6C99A1DE59C00004B8798 /* Model */ = {
			isa = PBXGroup;
			children = (
				01C6C99B1DE59C0B004B8798 /* Hotel.swift */,
				01C6C99D1DE59DE8004B8798 /* JsonHotelParser.swift */,
			);
			name = Model;
			sourceTree = "<group>";
		};
		01C6C99F1DE59E14004B8798 /* Support Files */ = {
			isa = PBXGroup;
			children = (
				01C6C9A01DE59E30004B8798 /* hotels.json */,
				01C6C9911DE59A6B004B8798 /* Info.plist */,
			);
			name = "Support Files";
			sourceTree = "<group>";
		};
		01C6C9A21DE59E3B004B8798 /* View */ = {
			isa = PBXGroup;
			children = (
				01C6C9A31DE5D7B3004B8798 /* HotelTableViewCell.swift */,
			);
			name = View;
			sourceTree = "<group>";
		};
/* End PBXGroup section */

/* Begin PBXNativeTarget section */
		01C6C9811DE59A6B004B8798 /* HotelLister */ = {
			isa = PBXNativeTarget;
			buildConfigurationList = 01C6C9941DE59A6B004B8798 /* Build configuration list for PBXNativeTarget "HotelLister" */;
			buildPhases = (
				01C6C97E1DE59A6B004B8798 /* Sources */,
				01C6C97F1DE59A6B004B8798 /* Frameworks */,
				01C6C9801DE59A6B004B8798 /* Resources */,
			);
			buildRules = (
			);
			dependencies = (
			);
			name = HotelLister;
			productName = HotelLister;
			productReference = 01C6C9821DE59A6B004B8798 /* HotelLister.app */;
			productType = "com.apple.product-type.application";
		};
/* End PBXNativeTarget section */

/* Begin PBXProject section */
		01C6C97A1DE59A6B004B8798 /* Project object */ = {
			isa = PBXProject;
			attributes = {
				LastSwiftUpdateCheck = 0810;
				LastUpgradeCheck = 0810;
				ORGANIZATIONNAME = "Nicholas Allio";
				TargetAttributes = {
					01C6C9811DE59A6B004B8798 = {
						CreatedOnToolsVersion = 8.1;
						DevelopmentTeam = 4R644JN289;
						ProvisioningStyle = Automatic;
					};
				};
			};
			buildConfigurationList = 01C6C97D1DE59A6B004B8798 /* Build configuration list for PBXProject "HotelLister" */;
			compatibilityVersion = "Xcode 3.2";
			developmentRegion = English;
			hasScannedForEncodings = 0;
			knownRegions = (
				en,
				Base,
			);
			mainGroup = 01C6C9791DE59A6B004B8798;
			productRefGroup = 01C6C9831DE59A6B004B8798 /* Products */;
			projectDirPath = "";
			projectRoot = "";
			targets = (
				01C6C9811DE59A6B004B8798 /* HotelLister */,
			);
		};
/* End PBXProject section */

/* Begin PBXResourcesBuildPhase section */
		01C6C9801DE59A6B004B8798 /* Resources */ = {
			isa = PBXResourcesBuildPhase;
			buildActionMask = 2147483647;
			files = (
				01C6C9901DE59A6B004B8798 /* LaunchScreen.storyboard in Resources */,
				01C6C98D1DE59A6B004B8798 /* Assets.xcassets in Resources */,
				01C6C9A11DE59E30004B8798 /* hotels.json in Resources */,
				01C6C98B1DE59A6B004B8798 /* Main.storyboard in Resources */,
			);
			runOnlyForDeploymentPostprocessing = 0;
		};
/* End PBXResourcesBuildPhase section */

/* Begin PBXSourcesBuildPhase section */
		01C6C97E1DE59A6B004B8798 /* Sources */ = {
			isa = PBXSourcesBuildPhase;
			buildActionMask = 2147483647;
			files = (
				01C6C99C1DE59C0B004B8798 /* Hotel.swift in Sources */,
				01C6C9991DE59A9D004B8798 /* HotelsTableViewController.swift in Sources */,
				01C6C9861DE59A6B004B8798 /* AppDelegate.swift in Sources */,
				01C6C99E1DE59DE8004B8798 /* JsonHotelParser.swift in Sources */,
				01C6C9A41DE5D7B3004B8798 /* HotelTableViewCell.swift in Sources */,
			);
			runOnlyForDeploymentPostprocessing = 0;
		};
/* End PBXSourcesBuildPhase section */

/* Begin PBXVariantGroup section */
		01C6C9891DE59A6B004B8798 /* Main.storyboard */ = {
			isa = PBXVariantGroup;
			children = (
				01C6C98A1DE59A6B004B8798 /* Base */,
			);
			name = Main.storyboard;
			sourceTree = "<group>";
		};
		01C6C98E1DE59A6B004B8798 /* LaunchScreen.storyboard */ = {
			isa = PBXVariantGroup;
			children = (
				01C6C98F1DE59A6B004B8798 /* Base */,
			);
			name = LaunchScreen.storyboard;
			sourceTree = "<group>";
		};
/* End PBXVariantGroup section */

/* Begin XCBuildConfiguration section */
		01C6C9921DE59A6B004B8798 /* Debug */ = {
			isa = XCBuildConfiguration;
			buildSettings = {
				ALWAYS_SEARCH_USER_PATHS = NO;
				CLANG_ANALYZER_NONNULL = YES;
				CLANG_CXX_LANGUAGE_STANDARD = "gnu++0x";
				CLANG_CXX_LIBRARY = "libc++";
				CLANG_ENABLE_MODULES = YES;
				CLANG_ENABLE_OBJC_ARC = YES;
				CLANG_WARN_BOOL_CONVERSION = YES;
				CLANG_WARN_CONSTANT_CONVERSION = YES;
				CLANG_WARN_DIRECT_OBJC_ISA_USAGE = YES_ERROR;
				CLANG_WARN_DOCUMENTATION_COMMENTS = YES;
				CLANG_WARN_EMPTY_BODY = YES;
				CLANG_WARN_ENUM_CONVERSION = YES;
				CLANG_WARN_INFINITE_RECURSION = YES;
				CLANG_WARN_INT_CONVERSION = YES;
				CLANG_WARN_OBJC_ROOT_CLASS = YES_ERROR;
				CLANG_WARN_SUSPICIOUS_MOVES = YES;
				CLANG_WARN_UNREACHABLE_CODE = YES;
				CLANG_WARN__DUPLICATE_METHOD_MATCH = YES;
				"CODE_SIGN_IDENTITY[sdk=iphoneos*]" = "iPhone Developer";
				COPY_PHASE_STRIP = NO;
				DEBUG_INFORMATION_FORMAT = dwarf;
				ENABLE_STRICT_OBJC_MSGSEND = YES;
				ENABLE_TESTABILITY = YES;
				GCC_C_LANGUAGE_STANDARD = gnu99;
				GCC_DYNAMIC_NO_PIC = NO;
				GCC_NO_COMMON_BLOCKS = YES;
				GCC_OPTIMIZATION_LEVEL = 0;
				GCC_PREPROCESSOR_DEFINITIONS = (
					"DEBUG=1",
					"$(inherited)",
				);
				GCC_WARN_64_TO_32_BIT_CONVERSION = YES;
				GCC_WARN_ABOUT_RETURN_TYPE = YES_ERROR;
				GCC_WARN_UNDECLARED_SELECTOR = YES;
				GCC_WARN_UNINITIALIZED_AUTOS = YES_AGGRESSIVE;
				GCC_WARN_UNUSED_FUNCTION = YES;
				GCC_WARN_UNUSED_VARIABLE = YES;
				IPHONEOS_DEPLOYMENT_TARGET = 10.1;
				MTL_ENABLE_DEBUG_INFO = YES;
				ONLY_ACTIVE_ARCH = YES;
				SDKROOT = iphoneos;
				SWIFT_ACTIVE_COMPILATION_CONDITIONS = DEBUG;
				SWIFT_OPTIMIZATION_LEVEL = "-Onone";
			};
			name = Debug;
		};
		01C6C9931DE59A6B004B8798 /* Release */ = {
			isa = XCBuildConfiguration;
			buildSettings = {
				ALWAYS_SEARCH_USER_PATHS = NO;
				CLANG_ANALYZER_NONNULL = YES;
				CLANG_CXX_LANGUAGE_STANDARD = "gnu++0x";
				CLANG_CXX_LIBRARY = "libc++";
				CLANG_ENABLE_MODULES = YES;
				CLANG_ENABLE_OBJC_ARC = YES;
				CLANG_WARN_BOOL_CONVERSION = YES;
				CLANG_WARN_CONSTANT_CONVERSION = YES;
				CLANG_WARN_DIRECT_OBJC_ISA_USAGE = YES_ERROR;
				CLANG_WARN_DOCUMENTATION_COMMENTS = YES;
				CLANG_WARN_EMPTY_BODY = YES;
				CLANG_WARN_ENUM_CONVERSION = YES;
				CLANG_WARN_INFINITE_RECURSION = YES;
				CLANG_WARN_INT_CONVERSION = YES;
				CLANG_WARN_OBJC_ROOT_CLASS = YES_ERROR;
				CLANG_WARN_SUSPICIOUS_MOVES = YES;
				CLANG_WARN_UNREACHABLE_CODE = YES;
				CLANG_WARN__DUPLICATE_METHOD_MATCH = YES;
				"CODE_SIGN_IDENTITY[sdk=iphoneos*]" = "iPhone Developer";
				COPY_PHASE_STRIP = NO;
				DEBUG_INFORMATION_FORMAT = "dwarf-with-dsym";
				ENABLE_NS_ASSERTIONS = NO;
				ENABLE_STRICT_OBJC_MSGSEND = YES;
				GCC_C_LANGUAGE_STANDARD = gnu99;
				GCC_NO_COMMON_BLOCKS = YES;
				GCC_WARN_64_TO_32_BIT_CONVERSION = YES;
				GCC_WARN_ABOUT_RETURN_TYPE = YES_ERROR;
				GCC_WARN_UNDECLARED_SELECTOR = YES;
				GCC_WARN_UNINITIALIZED_AUTOS = YES_AGGRESSIVE;
				GCC_WARN_UNUSED_FUNCTION = YES;
				GCC_WARN_UNUSED_VARIABLE = YES;
				IPHONEOS_DEPLOYMENT_TARGET = 10.1;
				MTL_ENABLE_DEBUG_INFO = NO;
				SDKROOT = iphoneos;
				SWIFT_OPTIMIZATION_LEVEL = "-Owholemodule";
				VALIDATE_PRODUCT = YES;
			};
			name = Release;
		};
		01C6C9951DE59A6B004B8798 /* Debug */ = {
			isa = XCBuildConfiguration;
			buildSettings = {
				ASSETCATALOG_COMPILER_APPICON_NAME = AppIcon;
				DEVELOPMENT_TEAM = 4R644JN289;
				INFOPLIST_FILE = HotelLister/Info.plist;
				LD_RUNPATH_SEARCH_PATHS = "$(inherited) @executable_path/Frameworks";
				PRODUCT_BUNDLE_IDENTIFIER = nicholas.allio.HotelLister;
				PRODUCT_NAME = "$(TARGET_NAME)";
				SWIFT_VERSION = 3.0;
			};
			name = Debug;
		};
		01C6C9961DE59A6B004B8798 /* Release */ = {
			isa = XCBuildConfiguration;
			buildSettings = {
				ASSETCATALOG_COMPILER_APPICON_NAME = AppIcon;
				DEVELOPMENT_TEAM = 4R644JN289;
				INFOPLIST_FILE = HotelLister/Info.plist;
				LD_RUNPATH_SEARCH_PATHS = "$(inherited) @executable_path/Frameworks";
				PRODUCT_BUNDLE_IDENTIFIER = nicholas.allio.HotelLister;
				PRODUCT_NAME = "$(TARGET_NAME)";
				SWIFT_VERSION = 3.0;
			};
			name = Release;
		};
/* End XCBuildConfiguration section */

/* Begin XCConfigurationList section */
		01C6C97D1DE59A6B004B8798 /* Build configuration list for PBXProject "HotelLister" */ = {
			isa = XCConfigurationList;
			buildConfigurations = (
				01C6C9921DE59A6B004B8798 /* Debug */,
				01C6C9931DE59A6B004B8798 /* Release */,
			);
			defaultConfigurationIsVisible = 0;
			defaultConfigurationName = Release;
		};
		01C6C9941DE59A6B004B8798 /* Build configuration list for PBXNativeTarget "HotelLister" */ = {
			isa = XCConfigurationList;
			buildConfigurations = (
				01C6C9951DE59A6B004B8798 /* Debug */,
				01C6C9961DE59A6B004B8798 /* Release */,
			);
			defaultConfigurationIsVisible = 0;
			defaultConfigurationName = Release;
		};
/* End XCConfigurationList section */
	};
	rootObject = 01C6C97A1DE59A6B004B8798 /* Project object */;
}
